<Solution>
  <Project Path="Apache.Arrow.Serialization.Generator/Apache.Arrow.Serialization.Generator.csproj" />
  <Project Path="Apache.Arrow.Serialization/Apache.Arrow.Serialization.csproj" />
  <Project Path="EngineeredWood.Avro/EngineeredWood.Avro.csproj" />
  <Project Path="Iceberg.Net.Azure/Iceberg.Net.Azure.csproj" />
  <Project Path="Iceberg.Net.DuckUtils/Iceberg.Net.DuckUtils.csproj" />
  <Project Path="Iceberg.Net.Query/Iceberg.Net.Query.csproj" />
  <Project Path="Iceberg.Net.QueryTests\Iceberg.Net.QueryTests.csproj" />
  <Project Path="Iceberg.Net.Parquet/Iceberg.Net.Parquet.csproj" />
  <Project Path="Iceberg.Net.Rest/Iceberg.Net.Rest.csproj" />
  <Project Path="Iceberg.Net.S3/Iceberg.Net.S3.csproj" />
  <Project Path="Iceberg.Net.GCS/Iceberg.Net.GCS.csproj" />
  <Project Path="Iceberg.Net.Tests/Iceberg.Net.Tests.csproj" />
  <Project Path="Iceberg.Net/Iceberg.Net.csproj" />
  <Project Path="IcebergPlayground/IcebergPlayground.csproj" />
  <Project Path="QueryPlayground\QueryPlayground.csproj" />
</Solution>
